// !$*UTF8*$!
{
	archiveVersion = 1;
	classes = {
	};
	objectVersion = 56;
	objects = {

/* Begin PBXBuildFile section */
		56298A172BE7AFB800C7A537 /* AppDelegate.swift in Sources */ = {isa = PBXBuildFile; fileRef = 56298A162BE7AFB800C7A537 /* AppDelegate.swift */; };
		56298A1B2BE7AFB800C7A537 /* LoginViewController.swift in Sources */ = {isa = PBXBuildFile; fileRef = 56298A1A2BE7AFB800C7A537 /* LoginViewController.swift */; };
		56298A202BE7AFB900C7A537 /* Assets.xcassets in Resources */ = {isa = PBXBuildFile; fileRef = 56298A1F2BE7AFB900C7A537 /* Assets.xcassets */; };
		56298A232BE7AFB900C7A537 /* Base in Resources */ = {isa = PBXBuildFile; fileRef = 56298A222BE7AFB900C7A537 /* Base */; };
		56298A2D2BE7B64D00C7A537 /* LoginView.swift in Sources */ = {isa = PBXBuildFile; fileRef = 56298A2C2BE7B64D00C7A537 /* LoginView.swift */; };
		56298A302BE9741700C7A537 /* OnboardingContainerViewController.swift in Sources */ = {isa = PBXBuildFile; fileRef = 56298A2F2BE9741700C7A537 /* OnboardingContainerViewController.swift */; };
		56298A322BE97AED00C7A537 /* OnboardingViewController.swift in Sources */ = {isa = PBXBuildFile; fileRef = 56298A312BE97AED00C7A537 /* OnboardingViewController.swift */; };
		56298A3C2BEE335A00C7A537 /* DummyViewController.swift in Sources */ = {isa = PBXBuildFile; fileRef = 56298A3B2BEE335A00C7A537 /* DummyViewController.swift */; };
		56298A402BEE385E00C7A537 /* LocalState.swift in Sources */ = {isa = PBXBuildFile; fileRef = 56298A3F2BEE385E00C7A537 /* LocalState.swift */; };
		56298A472BF11A0600C7A537 /* UIViewController+Utils.swift in Sources */ = {isa = PBXBuildFile; fileRef = 56298A462BF11A0600C7A537 /* UIViewController+Utils.swift */; };
		56298A492BF11AA000C7A537 /* MainViewController.swift in Sources */ = {isa = PBXBuildFile; fileRef = 56298A482BF11AA000C7A537 /* MainViewController.swift */; };
		56298A4C2BF1248300C7A537 /* AccountSummaryViewController.swift in Sources */ = {isa = PBXBuildFile; fileRef = 56298A4B2BF1248300C7A537 /* AccountSummaryViewController.swift */; };
		56298A4E2BF12F2A00C7A537 /* AccountSummaryHeaderView.swift in Sources */ = {isa = PBXBuildFile; fileRef = 56298A4D2BF12F2A00C7A537 /* AccountSummaryHeaderView.swift */; };
		56298A502BF12F6000C7A537 /* AccountSummaryHeaderView.xib in Resources */ = {isa = PBXBuildFile; fileRef = 56298A4F2BF12F6000C7A537 /* AccountSummaryHeaderView.xib */; };
		566C618F2C04530C006BEE37 /* AccountSummaryCell.swift in Sources */ = {isa = PBXBuildFile; fileRef = 566C618E2C04530C006BEE37 /* AccountSummaryCell.swift */; };
/* End PBXBuildFile section */

/* Begin PBXFileReference section */
		56298A132BE7AFB800C7A537 /* Bankey.app */ = {isa = PBXFileReference; explicitFileType = wrapper.application; includeInIndex = 0; path = Bankey.app; sourceTree = BUILT_PRODUCTS_DIR; };
		56298A162BE7AFB800C7A537 /* AppDelegate.swift */ = {isa = PBXFileReference; lastKnownFileType = sourcecode.swift; path = AppDelegate.swift; sourceTree = "<group>"; };
		56298A1A2BE7AFB800C7A537 /* LoginViewController.swift */ = {isa = PBXFileReference; lastKnownFileType = sourcecode.swift; path = LoginViewController.swift; sourceTree = "<group>"; };
		56298A1F2BE7AFB900C7A537 /* Assets.xcassets */ = {isa = PBXFileReference; lastKnownFileType = folder.assetcatalog; path = Assets.xcassets; sourceTree = "<group>"; };
		56298A222BE7AFB900C7A537 /* Base */ = {isa = PBXFileReference; lastKnownFileType = file.storyboard; name = Base; path = Base.lproj/LaunchScreen.storyboard; sourceTree = "<group>"; };
		56298A242BE7AFB900C7A537 /* Info.plist */ = {isa = PBXFileReference; lastKnownFileType = text.plist.xml; path = Info.plist; sourceTree = "<group>"; };
		56298A2C2BE7B64D00C7A537 /* LoginView.swift */ = {isa = PBXFileReference; lastKnownFileType = sourcecode.swift; path = LoginView.swift; sourceTree = "<group>"; };
		56298A2F2BE9741700C7A537 /* OnboardingContainerViewController.swift */ = {isa = PBXFileReference; lastKnownFileType = sourcecode.swift; path = OnboardingContainerViewController.swift; sourceTree = "<group>"; };
		56298A312BE97AED00C7A537 /* OnboardingViewController.swift */ = {isa = PBXFileReference; lastKnownFileType = sourcecode.swift; path = OnboardingViewController.swift; sourceTree = "<group>"; };
		56298A3B2BEE335A00C7A537 /* DummyViewController.swift */ = {isa = PBXFileReference; lastKnownFileType = sourcecode.swift; path = DummyViewController.swift; sourceTree = "<group>"; };
		56298A3F2BEE385E00C7A537 /* LocalState.swift */ = {isa = PBXFileReference; lastKnownFileType = sourcecode.swift; path = LocalState.swift; sourceTree = "<group>"; };
		56298A462BF11A0600C7A537 /* UIViewController+Utils.swift */ = {isa = PBXFileReference; lastKnownFileType = sourcecode.swift; path = "UIViewController+Utils.swift"; sourceTree = "<group>"; };
		56298A482BF11AA000C7A537 /* MainViewController.swift */ = {isa = PBXFileReference; lastKnownFileType = sourcecode.swift; path = MainViewController.swift; sourceTree = "<group>"; };
		56298A4B2BF1248300C7A537 /* AccountSummaryViewController.swift */ = {isa = PBXFileReference; lastKnownFileType = sourcecode.swift; path = AccountSummaryViewController.swift; sourceTree = "<group>"; };
		56298A4D2BF12F2A00C7A537 /* AccountSummaryHeaderView.swift */ = {isa = PBXFileReference; lastKnownFileType = sourcecode.swift; path = AccountSummaryHeaderView.swift; sourceTree = "<group>"; };
		56298A4F2BF12F6000C7A537 /* AccountSummaryHeaderView.xib */ = {isa = PBXFileReference; lastKnownFileType = file.xib; path = AccountSummaryHeaderView.xib; sourceTree = "<group>"; };
		566C618E2C04530C006BEE37 /* AccountSummaryCell.swift */ = {isa = PBXFileReference; lastKnownFileType = sourcecode.swift; path = AccountSummaryCell.swift; sourceTree = "<group>"; };
/* End PBXFileReference section */

/* Begin PBXFrameworksBuildPhase section */
		56298A102BE7AFB800C7A537 /* Frameworks */ = {
			isa = PBXFrameworksBuildPhase;
			buildActionMask = 2147483647;
			files = (
			);
			runOnlyForDeploymentPostprocessing = 0;
		};
/* End PBXFrameworksBuildPhase section */

/* Begin PBXGroup section */
		56298A0A2BE7AFB800C7A537 = {
			isa = PBXGroup;
			children = (
				56298A152BE7AFB800C7A537 /* Bankey */,
				56298A142BE7AFB800C7A537 /* Products */,
			);
			sourceTree = "<group>";
		};
		56298A142BE7AFB800C7A537 /* Products */ = {
			isa = PBXGroup;
			children = (
				56298A132BE7AFB800C7A537 /* Bankey.app */,
			);
			name = Products;
			sourceTree = "<group>";
		};
		56298A152BE7AFB800C7A537 /* Bankey */ = {
			isa = PBXGroup;
			children = (
				56298A162BE7AFB800C7A537 /* AppDelegate.swift */,
				56298A482BF11AA000C7A537 /* MainViewController.swift */,
				56298A2B2BE7B61C00C7A537 /* Login */,
				56298A2E2BE973DC00C7A537 /* Onboarding */,
				56298A4A2BF1246700C7A537 /* AccountSummary */,
				56298A3E2BEE385300C7A537 /* Utils */,
				56298A2A2BE7B4C200C7A537 /* Files */,
			);
			path = Bankey;
			sourceTree = "<group>";
		};
		56298A2A2BE7B4C200C7A537 /* Files */ = {
			isa = PBXGroup;
			children = (
				56298A1F2BE7AFB900C7A537 /* Assets.xcassets */,
				56298A212BE7AFB900C7A537 /* LaunchScreen.storyboard */,
				56298A242BE7AFB900C7A537 /* Info.plist */,
			);
			name = Files;
			sourceTree = "<group>";
		};
		56298A2B2BE7B61C00C7A537 /* Login */ = {
			isa = PBXGroup;
			children = (
				56298A1A2BE7AFB800C7A537 /* LoginViewController.swift */,
				56298A2C2BE7B64D00C7A537 /* LoginView.swift */,
				56298A3B2BEE335A00C7A537 /* DummyViewController.swift */,
			);
			path = Login;
			sourceTree = "<group>";
		};
		56298A2E2BE973DC00C7A537 /* Onboarding */ = {
			isa = PBXGroup;
			children = (
				56298A2F2BE9741700C7A537 /* OnboardingContainerViewController.swift */,
				56298A312BE97AED00C7A537 /* OnboardingViewController.swift */,
			);
			path = Onboarding;
			sourceTree = "<group>";
		};
		56298A3E2BEE385300C7A537 /* Utils */ = {
			isa = PBXGroup;
			children = (
				56298A3F2BEE385E00C7A537 /* LocalState.swift */,
				56298A462BF11A0600C7A537 /* UIViewController+Utils.swift */,
			);
			path = Utils;
			sourceTree = "<group>";
		};
		56298A4A2BF1246700C7A537 /* AccountSummary */ = {
			isa = PBXGroup;
			children = (
				56298A4B2BF1248300C7A537 /* AccountSummaryViewController.swift */,
				566C618C2C04529B006BEE37 /* Header */,
				566C618D2C0452FC006BEE37 /* Cells */,
			);
			path = AccountSummary;
			sourceTree = "<group>";
		};
		566C618C2C04529B006BEE37 /* Header */ = {
			isa = PBXGroup;
			children = (
				56298A4D2BF12F2A00C7A537 /* AccountSummaryHeaderView.swift */,
				56298A4F2BF12F6000C7A537 /* AccountSummaryHeaderView.xib */,
			);
			path = Header;
			sourceTree = "<group>";
		};
		566C618D2C0452FC006BEE37 /* Cells */ = {
			isa = PBXGroup;
			children = (
				566C618E2C04530C006BEE37 /* AccountSummaryCell.swift */,
			);
			path = Cells;
			sourceTree = "<group>";
		};
/* End PBXGroup section */

/* Begin PBXNativeTarget section */
		56298A122BE7AFB800C7A537 /* Bankey */ = {
			isa = PBXNativeTarget;
			buildConfigurationList = 56298A272BE7AFB900C7A537 /* Build configuration list for PBXNativeTarget "Bankey" */;
			buildPhases = (
				56298A0F2BE7AFB800C7A537 /* Sources */,
				56298A102BE7AFB800C7A537 /* Frameworks */,
				56298A112BE7AFB800C7A537 /* Resources */,
			);
			buildRules = (
			);
			dependencies = (
			);
			name = Bankey;
			productName = Bankey;
			productReference = 56298A132BE7AFB800C7A537 /* Bankey.app */;
			productType = "com.apple.product-type.application";
		};
/* End PBXNativeTarget section */

/* Begin PBXProject section */
		56298A0B2BE7AFB800C7A537 /* Project object */ = {
			isa = PBXProject;
			attributes = {
				BuildIndependentTargetsInParallel = 1;
				LastSwiftUpdateCheck = 1530;
				LastUpgradeCheck = 1530;
				TargetAttributes = {
					56298A122BE7AFB800C7A537 = {
						CreatedOnToolsVersion = 15.3;
					};
				};
			};
			buildConfigurationList = 56298A0E2BE7AFB800C7A537 /* Build configuration list for PBXProject "Bankey" */;
			compatibilityVersion = "Xcode 14.0";
			developmentRegion = en;
			hasScannedForEncodings = 0;
			knownRegions = (
				en,
				Base,
			);
			mainGroup = 56298A0A2BE7AFB800C7A537;
			productRefGroup = 56298A142BE7AFB800C7A537 /* Products */;
			projectDirPath = "";
			projectRoot = "";
			targets = (
				56298A122BE7AFB800C7A537 /* Bankey */,
			);
		};
/* End PBXProject section */

/* Begin PBXResourcesBuildPhase section */
		56298A112BE7AFB800C7A537 /* Resources */ = {
			isa = PBXResourcesBuildPhase;
			buildActionMask = 2147483647;
			files = (
				56298A502BF12F6000C7A537 /* AccountSummaryHeaderView.xib in Resources */,
				56298A202BE7AFB900C7A537 /* Assets.xcassets in Resources */,
				56298A232BE7AFB900C7A537 /* Base in Resources */,
			);
			runOnlyForDeploymentPostprocessing = 0;
		};
/* End PBXResourcesBuildPhase section */

/* Begin PBXSourcesBuildPhase section */
		56298A0F2BE7AFB800C7A537 /* Sources */ = {
			isa = PBXSourcesBuildPhase;
			buildActionMask = 2147483647;
			files = (
				56298A472BF11A0600C7A537 /* UIViewController+Utils.swift in Sources */,
				56298A2D2BE7B64D00C7A537 /* LoginView.swift in Sources */,
				56298A402BEE385E00C7A537 /* LocalState.swift in Sources */,
				56298A4E2BF12F2A00C7A537 /* AccountSummaryHeaderView.swift in Sources */,
				56298A3C2BEE335A00C7A537 /* DummyViewController.swift in Sources */,
				56298A1B2BE7AFB800C7A537 /* LoginViewController.swift in Sources */,
				566C618F2C04530C006BEE37 /* AccountSummaryCell.swift in Sources */,
				56298A322BE97AED00C7A537 /* OnboardingViewController.swift in Sources */,
				56298A492BF11AA000C7A537 /* MainViewController.swift in Sources */,
				56298A4C2BF1248300C7A537 /* AccountSummaryViewController.swift in Sources */,
				56298A172BE7AFB800C7A537 /* AppDelegate.swift in Sources */,
				56298A302BE9741700C7A537 /* OnboardingContainerViewController.swift in Sources */,
			);
			runOnlyForDeploymentPostprocessing = 0;
		};
/* End PBXSourcesBuildPhase section */

/* Begin PBXVariantGroup section */
		56298A212BE7AFB900C7A537 /* LaunchScreen.storyboard */ = {
			isa = PBXVariantGroup;
			children = (
				56298A222BE7AFB900C7A537 /* Base */,
			);
			name = LaunchScreen.storyboard;
			sourceTree = "<group>";
		};
/* End PBXVariantGroup section */

/* Begin XCBuildConfiguration section */
		56298A252BE7AFB900C7A537 /* Debug */ = {
			isa = XCBuildConfiguration;
			buildSettings = {
				ALWAYS_SEARCH_USER_PATHS = NO;
				ASSETCATALOG_COMPILER_GENERATE_SWIFT_ASSET_SYMBOL_EXTENSIONS = YES;
				CLANG_ANALYZER_NONNULL = YES;
				CLANG_ANALYZER_NUMBER_OBJECT_CONVERSION = YES_AGGRESSIVE;
				CLANG_CXX_LANGUAGE_STANDARD = "gnu++20";
				CLANG_ENABLE_MODULES = YES;
				CLANG_ENABLE_OBJC_ARC = YES;
				CLANG_ENABLE_OBJC_WEAK = YES;
				CLANG_WARN_BLOCK_CAPTURE_AUTORELEASING = YES;
				CLANG_WARN_BOOL_CONVERSION = YES;
				CLANG_WARN_COMMA = YES;
				CLANG_WARN_CONSTANT_CONVERSION = YES;
				CLANG_WARN_DEPRECATED_OBJC_IMPLEMENTATIONS = YES;
				CLANG_WARN_DIRECT_OBJC_ISA_USAGE = YES_ERROR;
				CLANG_WARN_DOCUMENTATION_COMMENTS = YES;
				CLANG_WARN_EMPTY_BODY = YES;
				CLANG_WARN_ENUM_CONVERSION = YES;
				CLANG_WARN_INFINITE_RECURSION = YES;
				CLANG_WARN_INT_CONVERSION = YES;
				CLANG_WARN_NON_LITERAL_NULL_CONVERSION = YES;
				CLANG_WARN_OBJC_IMPLICIT_RETAIN_SELF = YES;
				CLANG_WARN_OBJC_LITERAL_CONVERSION = YES;
				CLANG_WARN_OBJC_ROOT_CLASS = YES_ERROR;
				CLANG_WARN_QUOTED_INCLUDE_IN_FRAMEWORK_HEADER = YES;
				CLANG_WARN_RANGE_LOOP_ANALYSIS = YES;
				CLANG_WARN_STRICT_PROTOTYPES = YES;
				CLANG_WARN_SUSPICIOUS_MOVE = YES;
				CLANG_WARN_UNGUARDED_AVAILABILITY = YES_AGGRESSIVE;
				CLANG_WARN_UNREACHABLE_CODE = YES;
				CLANG_WARN__DUPLICATE_METHOD_MATCH = YES;
				COPY_PHASE_STRIP = NO;
				DEBUG_INFORMATION_FORMAT = dwarf;
				ENABLE_STRICT_OBJC_MSGSEND = YES;
				ENABLE_TESTABILITY = YES;
				ENABLE_USER_SCRIPT_SANDBOXING = YES;
				GCC_C_LANGUAGE_STANDARD = gnu17;
				GCC_DYNAMIC_NO_PIC = NO;
				GCC_NO_COMMON_BLOCKS = YES;
				GCC_OPTIMIZATION_LEVEL = 0;
				GCC_PREPROCESSOR_DEFINITIONS = (
					"DEBUG=1",
					"$(inherited)",
				);
				GCC_WARN_64_TO_32_BIT_CONVERSION = YES;
				GCC_WARN_ABOUT_RETURN_TYPE = YES_ERROR;
				GCC_WARN_UNDECLARED_SELECTOR = YES;
				GCC_WARN_UNINITIALIZED_AUTOS = YES_AGGRESSIVE;
				GCC_WARN_UNUSED_FUNCTION = YES;
				GCC_WARN_UNUSED_VARIABLE = YES;
				IPHONEOS_DEPLOYMENT_TARGET = 17.4;
				LOCALIZATION_PREFERS_STRING_CATALOGS = YES;
				MTL_ENABLE_DEBUG_INFO = INCLUDE_SOURCE;
				MTL_FAST_MATH = YES;
				ONLY_ACTIVE_ARCH = YES;
				SDKROOT = iphoneos;
				SWIFT_ACTIVE_COMPILATION_CONDITIONS = "DEBUG $(inherited)";
				SWIFT_OPTIMIZATION_LEVEL = "-Onone";
			};
			name = Debug;
		};
		56298A262BE7AFB900C7A537 /* Release */ = {
			isa = XCBuildConfiguration;
			buildSettings = {
				ALWAYS_SEARCH_USER_PATHS = NO;
				ASSETCATALOG_COMPILER_GENERATE_SWIFT_ASSET_SYMBOL_EXTENSIONS = YES;
				CLANG_ANALYZER_NONNULL = YES;
				CLANG_ANALYZER_NUMBER_OBJECT_CONVERSION = YES_AGGRESSIVE;
				CLANG_CXX_LANGUAGE_STANDARD = "gnu++20";
				CLANG_ENABLE_MODULES = YES;
				CLANG_ENABLE_OBJC_ARC = YES;
				CLANG_ENABLE_OBJC_WEAK = YES;
				CLANG_WARN_BLOCK_CAPTURE_AUTORELEASING = YES;
				CLANG_WARN_BOOL_CONVERSION = YES;
				CLANG_WARN_COMMA = YES;
				CLANG_WARN_CONSTANT_CONVERSION = YES;
				CLANG_WARN_DEPRECATED_OBJC_IMPLEMENTATIONS = YES;
				CLANG_WARN_DIRECT_OBJC_ISA_USAGE = YES_ERROR;
				CLANG_WARN_DOCUMENTATION_COMMENTS = YES;
				CLANG_WARN_EMPTY_BODY = YES;
				CLANG_WARN_ENUM_CONVERSION = YES;
				CLANG_WARN_INFINITE_RECURSION = YES;
				CLANG_WARN_INT_CONVERSION = YES;
				CLANG_WARN_NON_LITERAL_NULL_CONVERSION = YES;
				CLANG_WARN_OBJC_IMPLICIT_RETAIN_SELF = YES;
				CLANG_WARN_OBJC_LITERAL_CONVERSION = YES;
				CLANG_WARN_OBJC_ROOT_CLASS = YES_ERROR;
				CLANG_WARN_QUOTED_INCLUDE_IN_FRAMEWORK_HEADER = YES;
				CLANG_WARN_RANGE_LOOP_ANALYSIS = YES;
				CLANG_WARN_STRICT_PROTOTYPES = YES;
				CLANG_WARN_SUSPICIOUS_MOVE = YES;
				CLANG_WARN_UNGUARDED_AVAILABILITY = YES_AGGRESSIVE;
				CLANG_WARN_UNREACHABLE_CODE = YES;
				CLANG_WARN__DUPLICATE_METHOD_MATCH = YES;
				COPY_PHASE_STRIP = NO;
				DEBUG_INFORMATION_FORMAT = "dwarf-with-dsym";
				ENABLE_NS_ASSERTIONS = NO;
				ENABLE_STRICT_OBJC_MSGSEND = YES;
				ENABLE_USER_SCRIPT_SANDBOXING = YES;
				GCC_C_LANGUAGE_STANDARD = gnu17;
				GCC_NO_COMMON_BLOCKS = YES;
				GCC_WARN_64_TO_32_BIT_CONVERSION = YES;
				GCC_WARN_ABOUT_RETURN_TYPE = YES_ERROR;
				GCC_WARN_UNDECLARED_SELECTOR = YES;
				GCC_WARN_UNINITIALIZED_AUTOS = YES_AGGRESSIVE;
				GCC_WARN_UNUSED_FUNCTION = YES;
				GCC_WARN_UNUSED_VARIABLE = YES;
				IPHONEOS_DEPLOYMENT_TARGET = 17.4;
				LOCALIZATION_PREFERS_STRING_CATALOGS = YES;
				MTL_ENABLE_DEBUG_INFO = NO;
				MTL_FAST_MATH = YES;
				SDKROOT = iphoneos;
				SWIFT_COMPILATION_MODE = wholemodule;
				VALIDATE_PRODUCT = YES;
			};
			name = Release;
		};
		56298A282BE7AFB900C7A537 /* Debug */ = {
			isa = XCBuildConfiguration;
			buildSettings = {
				ASSETCATALOG_COMPILER_APPICON_NAME = AppIcon;
				ASSETCATALOG_COMPILER_GLOBAL_ACCENT_COLOR_NAME = AccentColor;
				CODE_SIGN_STYLE = Automatic;
				CURRENT_PROJECT_VERSION = 1;
				GENERATE_INFOPLIST_FILE = YES;
				INFOPLIST_FILE = Bankey/Info.plist;
				INFOPLIST_KEY_UIApplicationSupportsIndirectInputEvents = YES;
				INFOPLIST_KEY_UILaunchStoryboardName = LaunchScreen;
				INFOPLIST_KEY_UISupportedInterfaceOrientations_iPad = "UIInterfaceOrientationPortrait UIInterfaceOrientationPortraitUpsideDown UIInterfaceOrientationLandscapeLeft UIInterfaceOrientationLandscapeRight";
				INFOPLIST_KEY_UISupportedInterfaceOrientations_iPhone = "UIInterfaceOrientationPortrait UIInterfaceOrientationLandscapeLeft UIInterfaceOrientationLandscapeRight";
				LD_RUNPATH_SEARCH_PATHS = (
					"$(inherited)",
					"@executable_path/Frameworks",
				);
				MARKETING_VERSION = 1.0;
				PRODUCT_BUNDLE_IDENTIFIER = com.moichi.Bankey;
				PRODUCT_NAME = "$(TARGET_NAME)";
				SWIFT_EMIT_LOC_STRINGS = YES;
				SWIFT_VERSION = 5.0;
				TARGETED_DEVICE_FAMILY = "1,2";
			};
			name = Debug;
		};
		56298A292BE7AFB900C7A537 /* Release */ = {
			isa = XCBuildConfiguration;
			buildSettings = {
				ASSETCATALOG_COMPILER_APPICON_NAME = AppIcon;
				ASSETCATALOG_COMPILER_GLOBAL_ACCENT_COLOR_NAME = AccentColor;
				CODE_SIGN_STYLE = Automatic;
				CURRENT_PROJECT_VERSION = 1;
				GENERATE_INFOPLIST_FILE = YES;
				INFOPLIST_FILE = Bankey/Info.plist;
				INFOPLIST_KEY_UIApplicationSupportsIndirectInputEvents = YES;
				INFOPLIST_KEY_UILaunchStoryboardName = LaunchScreen;
				INFOPLIST_KEY_UISupportedInterfaceOrientations_iPad = "UIInterfaceOrientationPortrait UIInterfaceOrientationPortraitUpsideDown UIInterfaceOrientationLandscapeLeft UIInterfaceOrientationLandscapeRight";
				INFOPLIST_KEY_UISupportedInterfaceOrientations_iPhone = "UIInterfaceOrientationPortrait UIInterfaceOrientationLandscapeLeft UIInterfaceOrientationLandscapeRight";
				LD_RUNPATH_SEARCH_PATHS = (
					"$(inherited)",
					"@executable_path/Frameworks",
				);
				MARKETING_VERSION = 1.0;
				PRODUCT_BUNDLE_IDENTIFIER = com.moichi.Bankey;
				PRODUCT_NAME = "$(TARGET_NAME)";
				SWIFT_EMIT_LOC_STRINGS = YES;
				SWIFT_VERSION = 5.0;
				TARGETED_DEVICE_FAMILY = "1,2";
			};
			name = Release;
		};
/* End XCBuildConfiguration section */

/* Begin XCConfigurationList section */
		56298A0E2BE7AFB800C7A537 /* Build configuration list for PBXProject "Bankey" */ = {
			isa = XCConfigurationList;
			buildConfigurations = (
				56298A252BE7AFB900C7A537 /* Debug */,
				56298A262BE7AFB900C7A537 /* Release */,
			);
			defaultConfigurationIsVisible = 0;
			defaultConfigurationName = Release;
		};
		56298A272BE7AFB900C7A537 /* Build configuration list for PBXNativeTarget "Bankey" */ = {
			isa = XCConfigurationList;
			buildConfigurations = (
				56298A282BE7AFB900C7A537 /* Debug */,
				56298A292BE7AFB900C7A537 /* Release */,
			);
			defaultConfigurationIsVisible = 0;
			defaultConfigurationName = Release;
		};
/* End XCConfigurationList section */
	};
	rootObject = 56298A0B2BE7AFB800C7A537 /* Project object */;
}
